
Microsoft Visual Studio Solution File, Format Version 12.00
# Visual Studio Version 17
VisualStudioVersion = 17.0.32014.148
MinimumVisualStudioVersion = 10.0.40219.1
Project("{8BC9CEB8-8B4A-11D0-8D11-00A0C91BC942}") = "boot", "boot\boot.vcxproj", "{61BEFF69-8ECC-414F-9F48-15F4477D7B58}"
	ProjectSection(ProjectDependencies) = postProject
		{22484222-78FF-4A66-835D-B67A1FE8CE7F} = {22484222-78FF-4A66-835D-B67A1FE8CE7F}
	EndProjectSection
EndProject
Project("{8BC9CEB8-8B4A-11D0-8D11-00A0C91BC942}") = "gnuefi", "deps\gnuefi\gnuefi.vcxproj", "{22484222-78FF-4A66-835D-B67A1FE8CE7F}"
EndProject
Global
	GlobalSection(SolutionConfigurationPlatforms) = preSolution
		Debug|x64 = Debug|x64
	EndGlobalSection
	GlobalSection(ProjectConfigurationPlatforms) = postSolution
		{61BEFF69-8ECC-414F-9F48-15F4477D7B58}.Debug|x64.ActiveCfg = Debug|x64
		{61BEFF69-8ECC-414F-9F48-15F4477D7B58}.Debug|x64.Build.0 = Debug|x64
		{22484222-78FF-4A66-835D-B67A1FE8CE7F}.Debug|x64.ActiveCfg = Debug|x64
		{22484222-78FF-4A66-835D-B67A1FE8CE7F}.Debug|x64.Build.0 = Debug|x64
	EndGlobalSection
	GlobalSection(SolutionProperties) = preSolution
		HideSolutionNode = FALSE
	EndGlobalSection
	GlobalSection(ExtensibilityGlobals) = postSolution
		SolutionGuid = {757049DA-7190-477F-865F-DE339D47745A}
	EndGlobalSection
EndGlobal
